
Microsoft Visual Studio Solution File, Format Version 12.00
# Visual Studio Version 17
VisualStudioVersion = 17.13.35919.96 d17.13
MinimumVisualStudioVersion = 10.0.40219.1
Project("{FAE04EC0-301F-11D3-BF4B-00C04F79EFBC}") = "Urban Zenith", "Urban Zenith.csproj", "{4071C68F-9B53-4B0A-99C7-4C19CE2FCB95}"
EndProject
Global
	GlobalSection(SolutionConfigurationPlatforms) = preSolution
		Debug|Any CPU = Debug|Any CPU
		Release|Any CPU = Release|Any CPU
	EndGlobalSection
	GlobalSection(ProjectConfigurationPlatforms) = postSolution
		{4071C68F-9B53-4B0A-99C7-4C19CE2FCB95}.Debug|Any CPU.ActiveCfg = Debug|Any CPU
		{4071C68F-9B53-4B0A-99C7-4C19CE2FCB95}.Debug|Any CPU.Build.0 = Debug|Any CPU
		{4071C68F-9B53-4B0A-99C7-4C19CE2FCB95}.Release|Any CPU.ActiveCfg = Release|Any CPU
		{4071C68F-9B53-4B0A-99C7-4C19CE2FCB95}.Release|Any CPU.Build.0 = Release|Any CPU
	EndGlobalSection
	GlobalSection(SolutionProperties) = preSolution
		HideSolutionNode = FALSE
	EndGlobalSection
	GlobalSection(ExtensibilityGlobals) = postSolution
		SolutionGuid = {2A3B0A0A-F4D3-4206-AC3D-C3D46BFBDA3D}
	EndGlobalSection
EndGlobal
